// !$*UTF8*$!
{
	archiveVersion = 1;
	classes = {
	};
	objectVersion = 56;
	objects = {

/* Begin PBXBuildFile section */
		7024AEA12ADAE2E000675B19 /* Swift_Shopping_AppApp.swift in Sources */ = {isa = PBXBuildFile; fileRef = 7024AEA02ADAE2E000675B19 /* Swift_Shopping_AppApp.swift */; };
		7024AEA52ADAE2E100675B19 /* Assets.xcassets in Resources */ = {isa = PBXBuildFile; fileRef = 7024AEA42ADAE2E100675B19 /* Assets.xcassets */; };
		7024AEA82ADAE2E100675B19 /* Preview Assets.xcassets in Resources */ = {isa = PBXBuildFile; fileRef = 7024AEA72ADAE2E100675B19 /* Preview Assets.xcassets */; };
		7024AEB22ADAE2E100675B19 /* Swift_Shopping_AppTests.swift in Sources */ = {isa = PBXBuildFile; fileRef = 7024AEB12ADAE2E100675B19 /* Swift_Shopping_AppTests.swift */; };
		7024AEBC2ADAE2E100675B19 /* Swift_Shopping_AppUITests.swift in Sources */ = {isa = PBXBuildFile; fileRef = 7024AEBB2ADAE2E100675B19 /* Swift_Shopping_AppUITests.swift */; };
		7024AEBE2ADAE2E100675B19 /* Swift_Shopping_AppUITestsLaunchTests.swift in Sources */ = {isa = PBXBuildFile; fileRef = 7024AEBD2ADAE2E100675B19 /* Swift_Shopping_AppUITestsLaunchTests.swift */; };
		7024AECD2ADAE78800675B19 /* HomePageView.swift in Sources */ = {isa = PBXBuildFile; fileRef = 7024AECC2ADAE78800675B19 /* HomePageView.swift */; };
		7024AECF2ADAEDBA00675B19 /* Coachs.swift in Sources */ = {isa = PBXBuildFile; fileRef = 7024AECE2ADAEDBA00675B19 /* Coachs.swift */; };
		7024AED12ADB098500675B19 /* ButtonView.swift in Sources */ = {isa = PBXBuildFile; fileRef = 7024AED02ADB098500675B19 /* ButtonView.swift */; };
		7024AED32ADB13B800675B19 /* ItemDetailView.swift in Sources */ = {isa = PBXBuildFile; fileRef = 7024AED22ADB13B800675B19 /* ItemDetailView.swift */; };
/* End PBXBuildFile section */

/* Begin PBXContainerItemProxy section */
		7024AEAE2ADAE2E100675B19 /* PBXContainerItemProxy */ = {
			isa = PBXContainerItemProxy;
			containerPortal = 7024AE952ADAE2E000675B19 /* Project object */;
			proxyType = 1;
			remoteGlobalIDString = 7024AE9C2ADAE2E000675B19;
			remoteInfo = "Swift-Shopping-App";
		};
		7024AEB82ADAE2E100675B19 /* PBXContainerItemProxy */ = {
			isa = PBXContainerItemProxy;
			containerPortal = 7024AE952ADAE2E000675B19 /* Project object */;
			proxyType = 1;
			remoteGlobalIDString = 7024AE9C2ADAE2E000675B19;
			remoteInfo = "Swift-Shopping-App";
		};
/* End PBXContainerItemProxy section */

/* Begin PBXFileReference section */
		7024AE9D2ADAE2E000675B19 /* Swift-Shopping-App.app */ = {isa = PBXFileReference; explicitFileType = wrapper.application; includeInIndex = 0; path = "Swift-Shopping-App.app"; sourceTree = BUILT_PRODUCTS_DIR; };
		7024AEA02ADAE2E000675B19 /* Swift_Shopping_AppApp.swift */ = {isa = PBXFileReference; lastKnownFileType = sourcecode.swift; path = Swift_Shopping_AppApp.swift; sourceTree = "<group>"; };
		7024AEA42ADAE2E100675B19 /* Assets.xcassets */ = {isa = PBXFileReference; lastKnownFileType = folder.assetcatalog; path = Assets.xcassets; sourceTree = "<group>"; };
		7024AEA72ADAE2E100675B19 /* Preview Assets.xcassets */ = {isa = PBXFileReference; lastKnownFileType = folder.assetcatalog; path = "Preview Assets.xcassets"; sourceTree = "<group>"; };
		7024AEAD2ADAE2E100675B19 /* Swift-Shopping-AppTests.xctest */ = {isa = PBXFileReference; explicitFileType = wrapper.cfbundle; includeInIndex = 0; path = "Swift-Shopping-AppTests.xctest"; sourceTree = BUILT_PRODUCTS_DIR; };
		7024AEB12ADAE2E100675B19 /* Swift_Shopping_AppTests.swift */ = {isa = PBXFileReference; lastKnownFileType = sourcecode.swift; path = Swift_Shopping_AppTests.swift; sourceTree = "<group>"; };
		7024AEB72ADAE2E100675B19 /* Swift-Shopping-AppUITests.xctest */ = {isa = PBXFileReference; explicitFileType = wrapper.cfbundle; includeInIndex = 0; path = "Swift-Shopping-AppUITests.xctest"; sourceTree = BUILT_PRODUCTS_DIR; };
		7024AEBB2ADAE2E100675B19 /* Swift_Shopping_AppUITests.swift */ = {isa = PBXFileReference; lastKnownFileType = sourcecode.swift; path = Swift_Shopping_AppUITests.swift; sourceTree = "<group>"; };
		7024AEBD2ADAE2E100675B19 /* Swift_Shopping_AppUITestsLaunchTests.swift */ = {isa = PBXFileReference; lastKnownFileType = sourcecode.swift; path = Swift_Shopping_AppUITestsLaunchTests.swift; sourceTree = "<group>"; };
		7024AECC2ADAE78800675B19 /* HomePageView.swift */ = {isa = PBXFileReference; fileEncoding = 4; lastKnownFileType = sourcecode.swift; name = HomePageView.swift; path = "../../../../Library/Mobile Documents/com~apple~CloudDocs/.Trash/HomePageView.swift"; sourceTree = "<group>"; };
		7024AECE2ADAEDBA00675B19 /* Coachs.swift */ = {isa = PBXFileReference; lastKnownFileType = sourcecode.swift; path = Coachs.swift; sourceTree = "<group>"; };
		7024AED02ADB098500675B19 /* ButtonView.swift */ = {isa = PBXFileReference; lastKnownFileType = sourcecode.swift; path = ButtonView.swift; sourceTree = "<group>"; };
		7024AED22ADB13B800675B19 /* ItemDetailView.swift */ = {isa = PBXFileReference; lastKnownFileType = sourcecode.swift; path = ItemDetailView.swift; sourceTree = "<group>"; };
/* End PBXFileReference section */

/* Begin PBXFrameworksBuildPhase section */
		7024AE9A2ADAE2E000675B19 /* Frameworks */ = {
			isa = PBXFrameworksBuildPhase;
			buildActionMask = 2147483647;
			files = (
			);
			runOnlyForDeploymentPostprocessing = 0;
		};
		7024AEAA2ADAE2E100675B19 /* Frameworks */ = {
			isa = PBXFrameworksBuildPhase;
			buildActionMask = 2147483647;
			files = (
			);
			runOnlyForDeploymentPostprocessing = 0;
		};
		7024AEB42ADAE2E100675B19 /* Frameworks */ = {
			isa = PBXFrameworksBuildPhase;
			buildActionMask = 2147483647;
			files = (
			);
			runOnlyForDeploymentPostprocessing = 0;
		};
/* End PBXFrameworksBuildPhase section */

/* Begin PBXGroup section */
		7024AE942ADAE2E000675B19 = {
			isa = PBXGroup;
			children = (
				7024AE9F2ADAE2E000675B19 /* Swift-Shopping-App */,
				7024AEB02ADAE2E100675B19 /* Swift-Shopping-AppTests */,
				7024AEBA2ADAE2E100675B19 /* Swift-Shopping-AppUITests */,
				7024AE9E2ADAE2E000675B19 /* Products */,
			);
			sourceTree = "<group>";
		};
		7024AE9E2ADAE2E000675B19 /* Products */ = {
			isa = PBXGroup;
			children = (
				7024AE9D2ADAE2E000675B19 /* Swift-Shopping-App.app */,
				7024AEAD2ADAE2E100675B19 /* Swift-Shopping-AppTests.xctest */,
				7024AEB72ADAE2E100675B19 /* Swift-Shopping-AppUITests.xctest */,
			);
			name = Products;
			sourceTree = "<group>";
		};
		7024AE9F2ADAE2E000675B19 /* Swift-Shopping-App */ = {
			isa = PBXGroup;
			children = (
				7024AEA02ADAE2E000675B19 /* Swift_Shopping_AppApp.swift */,
				7024AECC2ADAE78800675B19 /* HomePageView.swift */,
				7024AEA42ADAE2E100675B19 /* Assets.xcassets */,
				7024AEA62ADAE2E100675B19 /* Preview Content */,
				7024AECE2ADAEDBA00675B19 /* Coachs.swift */,
				7024AED02ADB098500675B19 /* ButtonView.swift */,
				7024AED22ADB13B800675B19 /* ItemDetailView.swift */,
			);
			path = "Swift-Shopping-App";
			sourceTree = "<group>";
		};
		7024AEA62ADAE2E100675B19 /* Preview Content */ = {
			isa = PBXGroup;
			children = (
				7024AEA72ADAE2E100675B19 /* Preview Assets.xcassets */,
			);
			path = "Preview Content";
			sourceTree = "<group>";
		};
		7024AEB02ADAE2E100675B19 /* Swift-Shopping-AppTests */ = {
			isa = PBXGroup;
			children = (
				7024AEB12ADAE2E100675B19 /* Swift_Shopping_AppTests.swift */,
			);
			path = "Swift-Shopping-AppTests";
			sourceTree = "<group>";
		};
		7024AEBA2ADAE2E100675B19 /* Swift-Shopping-AppUITests */ = {
			isa = PBXGroup;
			children = (
				7024AEBB2ADAE2E100675B19 /* Swift_Shopping_AppUITests.swift */,
				7024AEBD2ADAE2E100675B19 /* Swift_Shopping_AppUITestsLaunchTests.swift */,
			);
			path = "Swift-Shopping-AppUITests";
			sourceTree = "<group>";
		};
/* End PBXGroup section */

/* Begin PBXNativeTarget section */
		7024AE9C2ADAE2E000675B19 /* Swift-Shopping-App */ = {
			isa = PBXNativeTarget;
			buildConfigurationList = 7024AEC12ADAE2E100675B19 /* Build configuration list for PBXNativeTarget "Swift-Shopping-App" */;
			buildPhases = (
				7024AE992ADAE2E000675B19 /* Sources */,
				7024AE9A2ADAE2E000675B19 /* Frameworks */,
				7024AE9B2ADAE2E000675B19 /* Resources */,
			);
			buildRules = (
			);
			dependencies = (
			);
			name = "Swift-Shopping-App";
			productName = "Swift-Shopping-App";
			productReference = 7024AE9D2ADAE2E000675B19 /* Swift-Shopping-App.app */;
			productType = "com.apple.product-type.application";
		};
		7024AEAC2ADAE2E100675B19 /* Swift-Shopping-AppTests */ = {
			isa = PBXNativeTarget;
			buildConfigurationList = 7024AEC42ADAE2E100675B19 /* Build configuration list for PBXNativeTarget "Swift-Shopping-AppTests" */;
			buildPhases = (
				7024AEA92ADAE2E100675B19 /* Sources */,
				7024AEAA2ADAE2E100675B19 /* Frameworks */,
				7024AEAB2ADAE2E100675B19 /* Resources */,
			);
			buildRules = (
			);
			dependencies = (
				7024AEAF2ADAE2E100675B19 /* PBXTargetDependency */,
			);
			name = "Swift-Shopping-AppTests";
			productName = "Swift-Shopping-AppTests";
			productReference = 7024AEAD2ADAE2E100675B19 /* Swift-Shopping-AppTests.xctest */;
			productType = "com.apple.product-type.bundle.unit-test";
		};
		7024AEB62ADAE2E100675B19 /* Swift-Shopping-AppUITests */ = {
			isa = PBXNativeTarget;
			buildConfigurationList = 7024AEC72ADAE2E100675B19 /* Build configuration list for PBXNativeTarget "Swift-Shopping-AppUITests" */;
			buildPhases = (
				7024AEB32ADAE2E100675B19 /* Sources */,
				7024AEB42ADAE2E100675B19 /* Frameworks */,
				7024AEB52ADAE2E100675B19 /* Resources */,
			);
			buildRules = (
			);
			dependencies = (
				7024AEB92ADAE2E100675B19 /* PBXTargetDependency */,
			);
			name = "Swift-Shopping-AppUITests";
			productName = "Swift-Shopping-AppUITests";
			productReference = 7024AEB72ADAE2E100675B19 /* Swift-Shopping-AppUITests.xctest */;
			productType = "com.apple.product-type.bundle.ui-testing";
		};
/* End PBXNativeTarget section */

/* Begin PBXProject section */
		7024AE952ADAE2E000675B19 /* Project object */ = {
			isa = PBXProject;
			attributes = {
				BuildIndependentTargetsInParallel = 1;
				LastSwiftUpdateCheck = 1430;
				LastUpgradeCheck = 1430;
				TargetAttributes = {
					7024AE9C2ADAE2E000675B19 = {
						CreatedOnToolsVersion = 14.3.1;
					};
					7024AEAC2ADAE2E100675B19 = {
						CreatedOnToolsVersion = 14.3.1;
						TestTargetID = 7024AE9C2ADAE2E000675B19;
					};
					7024AEB62ADAE2E100675B19 = {
						CreatedOnToolsVersion = 14.3.1;
						TestTargetID = 7024AE9C2ADAE2E000675B19;
					};
				};
			};
			buildConfigurationList = 7024AE982ADAE2E000675B19 /* Build configuration list for PBXProject "Swift-Shopping-App" */;
			compatibilityVersion = "Xcode 14.0";
			developmentRegion = en;
			hasScannedForEncodings = 0;
			knownRegions = (
				en,
				Base,
			);
			mainGroup = 7024AE942ADAE2E000675B19;
			productRefGroup = 7024AE9E2ADAE2E000675B19 /* Products */;
			projectDirPath = "";
			projectRoot = "";
			targets = (
				7024AE9C2ADAE2E000675B19 /* Swift-Shopping-App */,
				7024AEAC2ADAE2E100675B19 /* Swift-Shopping-AppTests */,
				7024AEB62ADAE2E100675B19 /* Swift-Shopping-AppUITests */,
			);
		};
/* End PBXProject section */

/* Begin PBXResourcesBuildPhase section */
		7024AE9B2ADAE2E000675B19 /* Resources */ = {
			isa = PBXResourcesBuildPhase;
			buildActionMask = 2147483647;
			files = (
				7024AEA82ADAE2E100675B19 /* Preview Assets.xcassets in Resources */,
				7024AEA52ADAE2E100675B19 /* Assets.xcassets in Resources */,
			);
			runOnlyForDeploymentPostprocessing = 0;
		};
		7024AEAB2ADAE2E100675B19 /* Resources */ = {
			isa = PBXResourcesBuildPhase;
			buildActionMask = 2147483647;
			files = (
			);
			runOnlyForDeploymentPostprocessing = 0;
		};
		7024AEB52ADAE2E100675B19 /* Resources */ = {
			isa = PBXResourcesBuildPhase;
			buildActionMask = 2147483647;
			files = (
			);
			runOnlyForDeploymentPostprocessing = 0;
		};
/* End PBXResourcesBuildPhase section */

/* Begin PBXSourcesBuildPhase section */
		7024AE992ADAE2E000675B19 /* Sources */ = {
			isa = PBXSourcesBuildPhase;
			buildActionMask = 2147483647;
			files = (
				7024AED32ADB13B800675B19 /* ItemDetailView.swift in Sources */,
				7024AECD2ADAE78800675B19 /* HomePageView.swift in Sources */,
				7024AEA12ADAE2E000675B19 /* Swift_Shopping_AppApp.swift in Sources */,
				7024AED12ADB098500675B19 /* ButtonView.swift in Sources */,
				7024AECF2ADAEDBA00675B19 /* Coachs.swift in Sources */,
			);
			runOnlyForDeploymentPostprocessing = 0;
		};
		7024AEA92ADAE2E100675B19 /* Sources */ = {
			isa = PBXSourcesBuildPhase;
			buildActionMask = 2147483647;
			files = (
				7024AEB22ADAE2E100675B19 /* Swift_Shopping_AppTests.swift in Sources */,
			);
			runOnlyForDeploymentPostprocessing = 0;
		};
		7024AEB32ADAE2E100675B19 /* Sources */ = {
			isa = PBXSourcesBuildPhase;
			buildActionMask = 2147483647;
			files = (
				7024AEBE2ADAE2E100675B19 /* Swift_Shopping_AppUITestsLaunchTests.swift in Sources */,
				7024AEBC2ADAE2E100675B19 /* Swift_Shopping_AppUITests.swift in Sources */,
			);
			runOnlyForDeploymentPostprocessing = 0;
		};
/* End PBXSourcesBuildPhase section */

/* Begin PBXTargetDependency section */
		7024AEAF2ADAE2E100675B19 /* PBXTargetDependency */ = {
			isa = PBXTargetDependency;
			target = 7024AE9C2ADAE2E000675B19 /* Swift-Shopping-App */;
			targetProxy = 7024AEAE2ADAE2E100675B19 /* PBXContainerItemProxy */;
		};
		7024AEB92ADAE2E100675B19 /* PBXTargetDependency */ = {
			isa = PBXTargetDependency;
			target = 7024AE9C2ADAE2E000675B19 /* Swift-Shopping-App */;
			targetProxy = 7024AEB82ADAE2E100675B19 /* PBXContainerItemProxy */;
		};
/* End PBXTargetDependency section */

/* Begin XCBuildConfiguration section */
		7024AEBF2ADAE2E100675B19 /* Debug */ = {
			isa = XCBuildConfiguration;
			buildSettings = {
				ALWAYS_SEARCH_USER_PATHS = NO;
				CLANG_ANALYZER_NONNULL = YES;
				CLANG_ANALYZER_NUMBER_OBJECT_CONVERSION = YES_AGGRESSIVE;
				CLANG_CXX_LANGUAGE_STANDARD = "gnu++20";
				CLANG_ENABLE_MODULES = YES;
				CLANG_ENABLE_OBJC_ARC = YES;
				CLANG_ENABLE_OBJC_WEAK = YES;
				CLANG_WARN_BLOCK_CAPTURE_AUTORELEASING = YES;
				CLANG_WARN_BOOL_CONVERSION = YES;
				CLANG_WARN_COMMA = YES;
				CLANG_WARN_CONSTANT_CONVERSION = YES;
				CLANG_WARN_DEPRECATED_OBJC_IMPLEMENTATIONS = YES;
				CLANG_WARN_DIRECT_OBJC_ISA_USAGE = YES_ERROR;
				CLANG_WARN_DOCUMENTATION_COMMENTS = YES;
				CLANG_WARN_EMPTY_BODY = YES;
				CLANG_WARN_ENUM_CONVERSION = YES;
				CLANG_WARN_INFINITE_RECURSION = YES;
				CLANG_WARN_INT_CONVERSION = YES;
				CLANG_WARN_NON_LITERAL_NULL_CONVERSION = YES;
				CLANG_WARN_OBJC_IMPLICIT_RETAIN_SELF = YES;
				CLANG_WARN_OBJC_LITERAL_CONVERSION = YES;
				CLANG_WARN_OBJC_ROOT_CLASS = YES_ERROR;
				CLANG_WARN_QUOTED_INCLUDE_IN_FRAMEWORK_HEADER = YES;
				CLANG_WARN_RANGE_LOOP_ANALYSIS = YES;
				CLANG_WARN_STRICT_PROTOTYPES = YES;
				CLANG_WARN_SUSPICIOUS_MOVE = YES;
				CLANG_WARN_UNGUARDED_AVAILABILITY = YES_AGGRESSIVE;
				CLANG_WARN_UNREACHABLE_CODE = YES;
				CLANG_WARN__DUPLICATE_METHOD_MATCH = YES;
				COPY_PHASE_STRIP = NO;
				DEBUG_INFORMATION_FORMAT = dwarf;
				ENABLE_STRICT_OBJC_MSGSEND = YES;
				ENABLE_TESTABILITY = YES;
				GCC_C_LANGUAGE_STANDARD = gnu11;
				GCC_DYNAMIC_NO_PIC = NO;
				GCC_NO_COMMON_BLOCKS = YES;
				GCC_OPTIMIZATION_LEVEL = 0;
				GCC_PREPROCESSOR_DEFINITIONS = (
					"DEBUG=1",
					"$(inherited)",
				);
				GCC_WARN_64_TO_32_BIT_CONVERSION = YES;
				GCC_WARN_ABOUT_RETURN_TYPE = YES_ERROR;
				GCC_WARN_UNDECLARED_SELECTOR = YES;
				GCC_WARN_UNINITIALIZED_AUTOS = YES_AGGRESSIVE;
				GCC_WARN_UNUSED_FUNCTION = YES;
				GCC_WARN_UNUSED_VARIABLE = YES;
				IPHONEOS_DEPLOYMENT_TARGET = 16.4;
				MTL_ENABLE_DEBUG_INFO = INCLUDE_SOURCE;
				MTL_FAST_MATH = YES;
				ONLY_ACTIVE_ARCH = YES;
				SDKROOT = iphoneos;
				SWIFT_ACTIVE_COMPILATION_CONDITIONS = DEBUG;
				SWIFT_OPTIMIZATION_LEVEL = "-Onone";
			};
			name = Debug;
		};
		7024AEC02ADAE2E100675B19 /* Release */ = {
			isa = XCBuildConfiguration;
			buildSettings = {
				ALWAYS_SEARCH_USER_PATHS = NO;
				CLANG_ANALYZER_NONNULL = YES;
				CLANG_ANALYZER_NUMBER_OBJECT_CONVERSION = YES_AGGRESSIVE;
				CLANG_CXX_LANGUAGE_STANDARD = "gnu++20";
				CLANG_ENABLE_MODULES = YES;
				CLANG_ENABLE_OBJC_ARC = YES;
				CLANG_ENABLE_OBJC_WEAK = YES;
				CLANG_WARN_BLOCK_CAPTURE_AUTORELEASING = YES;
				CLANG_WARN_BOOL_CONVERSION = YES;
				CLANG_WARN_COMMA = YES;
				CLANG_WARN_CONSTANT_CONVERSION = YES;
				CLANG_WARN_DEPRECATED_OBJC_IMPLEMENTATIONS = YES;
				CLANG_WARN_DIRECT_OBJC_ISA_USAGE = YES_ERROR;
				CLANG_WARN_DOCUMENTATION_COMMENTS = YES;
				CLANG_WARN_EMPTY_BODY = YES;
				CLANG_WARN_ENUM_CONVERSION = YES;
				CLANG_WARN_INFINITE_RECURSION = YES;
				CLANG_WARN_INT_CONVERSION = YES;
				CLANG_WARN_NON_LITERAL_NULL_CONVERSION = YES;
				CLANG_WARN_OBJC_IMPLICIT_RETAIN_SELF = YES;
				CLANG_WARN_OBJC_LITERAL_CONVERSION = YES;
				CLANG_WARN_OBJC_ROOT_CLASS = YES_ERROR;
				CLANG_WARN_QUOTED_INCLUDE_IN_FRAMEWORK_HEADER = YES;
				CLANG_WARN_RANGE_LOOP_ANALYSIS = YES;
				CLANG_WARN_STRICT_PROTOTYPES = YES;
				CLANG_WARN_SUSPICIOUS_MOVE = YES;
				CLANG_WARN_UNGUARDED_AVAILABILITY = YES_AGGRESSIVE;
				CLANG_WARN_UNREACHABLE_CODE = YES;
				CLANG_WARN__DUPLICATE_METHOD_MATCH = YES;
				COPY_PHASE_STRIP = NO;
				DEBUG_INFORMATION_FORMAT = "dwarf-with-dsym";
				ENABLE_NS_ASSERTIONS = NO;
				ENABLE_STRICT_OBJC_MSGSEND = YES;
				GCC_C_LANGUAGE_STANDARD = gnu11;
				GCC_NO_COMMON_BLOCKS = YES;
				GCC_WARN_64_TO_32_BIT_CONVERSION = YES;
				GCC_WARN_ABOUT_RETURN_TYPE = YES_ERROR;
				GCC_WARN_UNDECLARED_SELECTOR = YES;
				GCC_WARN_UNINITIALIZED_AUTOS = YES_AGGRESSIVE;
				GCC_WARN_UNUSED_FUNCTION = YES;
				GCC_WARN_UNUSED_VARIABLE = YES;
				IPHONEOS_DEPLOYMENT_TARGET = 16.4;
				MTL_ENABLE_DEBUG_INFO = NO;
				MTL_FAST_MATH = YES;
				SDKROOT = iphoneos;
				SWIFT_COMPILATION_MODE = wholemodule;
				SWIFT_OPTIMIZATION_LEVEL = "-O";
				VALIDATE_PRODUCT = YES;
			};
			name = Release;
		};
		7024AEC22ADAE2E100675B19 /* Debug */ = {
			isa = XCBuildConfiguration;
			buildSettings = {
				ASSETCATALOG_COMPILER_APPICON_NAME = AppIcon;
				ASSETCATALOG_COMPILER_GLOBAL_ACCENT_COLOR_NAME = AccentColor;
				CODE_SIGN_STYLE = Automatic;
				CURRENT_PROJECT_VERSION = 1;
				DEVELOPMENT_ASSET_PATHS = "\"Swift-Shopping-App/Preview Content\"";
				ENABLE_PREVIEWS = YES;
				GENERATE_INFOPLIST_FILE = YES;
				INFOPLIST_KEY_UIApplicationSceneManifest_Generation = YES;
				INFOPLIST_KEY_UIApplicationSupportsIndirectInputEvents = YES;
				INFOPLIST_KEY_UILaunchScreen_Generation = YES;
				INFOPLIST_KEY_UISupportedInterfaceOrientations_iPad = "UIInterfaceOrientationPortrait UIInterfaceOrientationPortraitUpsideDown UIInterfaceOrientationLandscapeLeft UIInterfaceOrientationLandscapeRight";
				INFOPLIST_KEY_UISupportedInterfaceOrientations_iPhone = "UIInterfaceOrientationPortrait UIInterfaceOrientationLandscapeLeft UIInterfaceOrientationLandscapeRight";
				LD_RUNPATH_SEARCH_PATHS = (
					"$(inherited)",
					"@executable_path/Frameworks",
				);
				MARKETING_VERSION = 1.0;
				PRODUCT_BUNDLE_IDENTIFIER = "co.alicngl.Swift-Shopping-App";
				PRODUCT_NAME = "$(TARGET_NAME)";
				SWIFT_EMIT_LOC_STRINGS = YES;
				SWIFT_VERSION = 5.0;
				TARGETED_DEVICE_FAMILY = "1,2";
			};
			name = Debug;
		};
		7024AEC32ADAE2E100675B19 /* Release */ = {
			isa = XCBuildConfiguration;
			buildSettings = {
				ASSETCATALOG_COMPILER_APPICON_NAME = AppIcon;
				ASSETCATALOG_COMPILER_GLOBAL_ACCENT_COLOR_NAME = AccentColor;
				CODE_SIGN_STYLE = Automatic;
				CURRENT_PROJECT_VERSION = 1;
				DEVELOPMENT_ASSET_PATHS = "\"Swift-Shopping-App/Preview Content\"";
				ENABLE_PREVIEWS = YES;
				GENERATE_INFOPLIST_FILE = YES;
				INFOPLIST_KEY_UIApplicationSceneManifest_Generation = YES;
				INFOPLIST_KEY_UIApplicationSupportsIndirectInputEvents = YES;
				INFOPLIST_KEY_UILaunchScreen_Generation = YES;
				INFOPLIST_KEY_UISupportedInterfaceOrientations_iPad = "UIInterfaceOrientationPortrait UIInterfaceOrientationPortraitUpsideDown UIInterfaceOrientationLandscapeLeft UIInterfaceOrientationLandscapeRight";
				INFOPLIST_KEY_UISupportedInterfaceOrientations_iPhone = "UIInterfaceOrientationPortrait UIInterfaceOrientationLandscapeLeft UIInterfaceOrientationLandscapeRight";
				LD_RUNPATH_SEARCH_PATHS = (
					"$(inherited)",
					"@executable_path/Frameworks",
				);
				MARKETING_VERSION = 1.0;
				PRODUCT_BUNDLE_IDENTIFIER = "co.alicngl.Swift-Shopping-App";
				PRODUCT_NAME = "$(TARGET_NAME)";
				SWIFT_EMIT_LOC_STRINGS = YES;
				SWIFT_VERSION = 5.0;
				TARGETED_DEVICE_FAMILY = "1,2";
			};
			name = Release;
		};
		7024AEC52ADAE2E100675B19 /* Debug */ = {
			isa = XCBuildConfiguration;
			buildSettings = {
				ALWAYS_EMBED_SWIFT_STANDARD_LIBRARIES = YES;
				BUNDLE_LOADER = "$(TEST_HOST)";
				CODE_SIGN_STYLE = Automatic;
				CURRENT_PROJECT_VERSION = 1;
				GENERATE_INFOPLIST_FILE = YES;
				IPHONEOS_DEPLOYMENT_TARGET = 16.4;
				MARKETING_VERSION = 1.0;
				PRODUCT_BUNDLE_IDENTIFIER = "co.alicngl.Swift-Shopping-AppTests";
				PRODUCT_NAME = "$(TARGET_NAME)";
				SWIFT_EMIT_LOC_STRINGS = NO;
				SWIFT_VERSION = 5.0;
				TARGETED_DEVICE_FAMILY = "1,2";
				TEST_HOST = "$(BUILT_PRODUCTS_DIR)/Swift-Shopping-App.app/$(BUNDLE_EXECUTABLE_FOLDER_PATH)/Swift-Shopping-App";
			};
			name = Debug;
		};
		7024AEC62ADAE2E100675B19 /* Release */ = {
			isa = XCBuildConfiguration;
			buildSettings = {
				ALWAYS_EMBED_SWIFT_STANDARD_LIBRARIES = YES;
				BUNDLE_LOADER = "$(TEST_HOST)";
				CODE_SIGN_STYLE = Automatic;
				CURRENT_PROJECT_VERSION = 1;
				GENERATE_INFOPLIST_FILE = YES;
				IPHONEOS_DEPLOYMENT_TARGET = 16.4;
				MARKETING_VERSION = 1.0;
				PRODUCT_BUNDLE_IDENTIFIER = "co.alicngl.Swift-Shopping-AppTests";
				PRODUCT_NAME = "$(TARGET_NAME)";
				SWIFT_EMIT_LOC_STRINGS = NO;
				SWIFT_VERSION = 5.0;
				TARGETED_DEVICE_FAMILY = "1,2";
				TEST_HOST = "$(BUILT_PRODUCTS_DIR)/Swift-Shopping-App.app/$(BUNDLE_EXECUTABLE_FOLDER_PATH)/Swift-Shopping-App";
			};
			name = Release;
		};
		7024AEC82ADAE2E100675B19 /* Debug */ = {
			isa = XCBuildConfiguration;
			buildSettings = {
				ALWAYS_EMBED_SWIFT_STANDARD_LIBRARIES = YES;
				CODE_SIGN_STYLE = Automatic;
				CURRENT_PROJECT_VERSION = 1;
				GENERATE_INFOPLIST_FILE = YES;
				MARKETING_VERSION = 1.0;
				PRODUCT_BUNDLE_IDENTIFIER = "co.alicngl.Swift-Shopping-AppUITests";
				PRODUCT_NAME = "$(TARGET_NAME)";
				SWIFT_EMIT_LOC_STRINGS = NO;
				SWIFT_VERSION = 5.0;
				TARGETED_DEVICE_FAMILY = "1,2";
				TEST_TARGET_NAME = "Swift-Shopping-App";
			};
			name = Debug;
		};
		7024AEC92ADAE2E100675B19 /* Release */ = {
			isa = XCBuildConfiguration;
			buildSettings = {
				ALWAYS_EMBED_SWIFT_STANDARD_LIBRARIES = YES;
				CODE_SIGN_STYLE = Automatic;
				CURRENT_PROJECT_VERSION = 1;
				GENERATE_INFOPLIST_FILE = YES;
				MARKETING_VERSION = 1.0;
				PRODUCT_BUNDLE_IDENTIFIER = "co.alicngl.Swift-Shopping-AppUITests";
				PRODUCT_NAME = "$(TARGET_NAME)";
				SWIFT_EMIT_LOC_STRINGS = NO;
				SWIFT_VERSION = 5.0;
				TARGETED_DEVICE_FAMILY = "1,2";
				TEST_TARGET_NAME = "Swift-Shopping-App";
			};
			name = Release;
		};
/* End XCBuildConfiguration section */

/* Begin XCConfigurationList section */
		7024AE982ADAE2E000675B19 /* Build configuration list for PBXProject "Swift-Shopping-App" */ = {
			isa = XCConfigurationList;
			buildConfigurations = (
				7024AEBF2ADAE2E100675B19 /* Debug */,
				7024AEC02ADAE2E100675B19 /* Release */,
			);
			defaultConfigurationIsVisible = 0;
			defaultConfigurationName = Release;
		};
		7024AEC12ADAE2E100675B19 /* Build configuration list for PBXNativeTarget "Swift-Shopping-App" */ = {
			isa = XCConfigurationList;
			buildConfigurations = (
				7024AEC22ADAE2E100675B19 /* Debug */,
				7024AEC32ADAE2E100675B19 /* Release */,
			);
			defaultConfigurationIsVisible = 0;
			defaultConfigurationName = Release;
		};
		7024AEC42ADAE2E100675B19 /* Build configuration list for PBXNativeTarget "Swift-Shopping-AppTests" */ = {
			isa = XCConfigurationList;
			buildConfigurations = (
				7024AEC52ADAE2E100675B19 /* Debug */,
				7024AEC62ADAE2E100675B19 /* Release */,
			);
			defaultConfigurationIsVisible = 0;
			defaultConfigurationName = Release;
		};
		7024AEC72ADAE2E100675B19 /* Build configuration list for PBXNativeTarget "Swift-Shopping-AppUITests" */ = {
			isa = XCConfigurationList;
			buildConfigurations = (
				7024AEC82ADAE2E100675B19 /* Debug */,
				7024AEC92ADAE2E100675B19 /* Release */,
			);
			defaultConfigurationIsVisible = 0;
			defaultConfigurationName = Release;
		};
/* End XCConfigurationList section */
	};
	rootObject = 7024AE952ADAE2E000675B19 /* Project object */;
}
